{
  "version": 1,
  "dependencies": {
    "net10.0-windows7.0": {
      "DalamudPackager": {
        "type": "Direct",
        "requested": "[15.0.0, )",
        "resolved": "15.0.0",
        "contentHash": "411vwC8/X8Z/sQ2TI6v3SvOn66xFPeOjFn3Zn+h0d3Ox2t1kFm66AhDvmx/qcMwVrR+Hidxj0dadpQ2dgyXMBQ=="
      },
      "DotNet.ReproducibleBuilds": {
        "type": "Direct",
        "requested": "[2.0.2, )",
        "resolved": "2.0.2",
        "contentHash": "VaHoEN6YHp0jXucxm67vfuRy8zo9ufiKSuaZ4ZudRi8xmWcEFMKxfCsg2nvYNvdISFTURDu+IHqADGh53+Bamw=="
      },
      "ECommons": {
        "type": "Direct",
        "requested": "[3.2.0.9, )",
        "resolved": "3.2.0.9",
        "contentHash": "JWD/HU+CUBFRCRTJzdyL+Ld6BedndYXk10bZHNbaGleO6WZQWxUUwAAKtJNZgvyrzQ53fqEvnuHml3mNYORl5w=="
      },
      "Penumbra.Api": {
        "type": "Direct",
        "requested": "[5.13.1, )",
        "resolved": "5.13.1",
        "contentHash": "kmpqhcbnnF+Ib0F9g7+1W17IbZ8Q8G2zn3MJURd/rmQiB3D7cm8YS2JRmvhDzrN5w9OMlfq7MFxVtwG419YkIA=="
      },
      "System.Drawing.Common": {
        "type": "Direct",
        "requested": "[10.0.7, )",
        "resolved": "10.0.7",
        "contentHash": "t0dLoUJOFMMyHqwpDuTKVlKVry92yUhf7qwihVT2MUrg3y/ZOHKpij5nb+jb20UT3vc7UlQWQlNmV9NQ5c7aSA==",
        "dependencies": {
          "Microsoft.Win32.SystemEvents": "10.0.7"
        }
      },
      "Microsoft.Win32.SystemEvents": {
        "type": "Transitive",
        "resolved": "10.0.7",
        "contentHash": "yRy88RjP9RlFxiaxwkGSh5e7lhSRCUaSwYW323ssK85XTm13b3y65Yp8HuURXNnxGQGo9L4Bz19aQAbrfTyJqA=="
      }
    }
  }
}